
Microsoft Visual Studio Solution File, Format Version 12.00
# Visual Studio Version 16
VisualStudioVersion = 16.0.29905.134
MinimumVisualStudioVersion = 10.0.40219.1
Project("{FAE04EC0-301F-11D3-BF4B-00C04F79EFBC}") = "PlanetarySystemsComposer", "PlanetarySystemsComposer.csproj", "{74F9415E-09DB-4B1B-A982-09F50814B8BB}"
EndProject
Global
	GlobalSection(SolutionConfigurationPlatforms) = preSolution
		Debug|Any CPU = Debug|Any CPU
		Release|Any CPU = Release|Any CPU
	EndGlobalSection
	GlobalSection(ProjectConfigurationPlatforms) = postSolution
		{74F9415E-09DB-4B1B-A982-09F50814B8BB}.Debug|Any CPU.ActiveCfg = Debug|Any CPU
		{74F9415E-09DB-4B1B-A982-09F50814B8BB}.Debug|Any CPU.Build.0 = Debug|Any CPU
		{74F9415E-09DB-4B1B-A982-09F50814B8BB}.Release|Any CPU.ActiveCfg = Release|Any CPU
		{74F9415E-09DB-4B1B-A982-09F50814B8BB}.Release|Any CPU.Build.0 = Release|Any CPU
	EndGlobalSection
	GlobalSection(SolutionProperties) = preSolution
		HideSolutionNode = FALSE
	EndGlobalSection
	GlobalSection(ExtensibilityGlobals) = postSolution
		SolutionGuid = {82254C5E-CF4D-4A37-B349-50099E1E1D15}
	EndGlobalSection
EndGlobal
